{
  "name": "Youtube-and-chill",
  "version": "0.1.4",
  "lockfileVersion": 1,
  "requires": true,
  "dependencies": {
    "parse-path": {
      "version": "7.0.0",
      "resolved": "https://registry.npmjs.org/parse-path/-/parse-path-7.0.0.tgz",
      "integrity": "sha512-Euf9GG8WT9CdqwuWJGdf3RkUcTBArppHABkO7Lm8IzRQp0e2r/kkFnmhu4TSK30Wcu5rVAZLmfPKSBBi9tWFog==",
      "requires": {
        "protocols": "^2.0.0"
      }
    },
    "parse-url": {
      "version": "8.1.0",
      "resolved": "https://registry.npmjs.org/parse-url/-/parse-url-8.1.0.tgz",
      "integrity": "sha512-xDvOoLU5XRrcOZvnI6b8zA6n9O9ejNk/GExuz1yBuWUGn9KA97GI6HTs6u02wKara1CeVmZhH+0TZFdWScR89w==",
      "requires": {
        "parse-path": "^7.0.0"
      }
    },
    "protocols": {
      "version": "2.0.1",
      "resolved": "https://registry.npmjs.org/protocols/-/protocols-2.0.1.tgz",
      "integrity": "sha512-/XJ368cyBJ7fzLMwLKv1e4vLxOju2MNAIokcr7meSaNcVbWz/CPcW22cP04mwxOErdA5mwjA8Q6w/cdAQxVn7Q=="
    }
  }
}
